// !$*UTF8*$!
{
	archiveVersion = 1;
	classes = {
	};
	objectVersion = 55;
	objects = {

/* Begin PBXBuildFile section */
		587AD76C270A39C7002E39B2 /* Total Cal WatchKit App.app in Embed Watch Content */ = {isa = PBXBuildFile; fileRef = 587AD76B270A39C7002E39B2 /* Total Cal WatchKit App.app */; settings = {ATTRIBUTES = (RemoveHeadersOnCopy, ); }; };
		587AD771270A39CB002E39B2 /* Assets.xcassets in Resources */ = {isa = PBXBuildFile; fileRef = 587AD770270A39CB002E39B2 /* Assets.xcassets */; };
		587AD777270A39CC002E39B2 /* Total Cal WatchKit Extension.appex in Embed App Extensions */ = {isa = PBXBuildFile; fileRef = 587AD776270A39CC002E39B2 /* Total Cal WatchKit Extension.appex */; settings = {ATTRIBUTES = (RemoveHeadersOnCopy, ); }; };
		587AD77C270A39CC002E39B2 /* Total_CalApp.swift in Sources */ = {isa = PBXBuildFile; fileRef = 587AD77B270A39CC002E39B2 /* Total_CalApp.swift */; };
		587AD77E270A39CC002E39B2 /* ContentView.swift in Sources */ = {isa = PBXBuildFile; fileRef = 587AD77D270A39CC002E39B2 /* ContentView.swift */; };
		587AD780270A39CC002E39B2 /* NotificationController.swift in Sources */ = {isa = PBXBuildFile; fileRef = 587AD77F270A39CC002E39B2 /* NotificationController.swift */; };
		587AD782270A39CC002E39B2 /* NotificationView.swift in Sources */ = {isa = PBXBuildFile; fileRef = 587AD781270A39CC002E39B2 /* NotificationView.swift */; };
		587AD784270A39CC002E39B2 /* ComplicationController.swift in Sources */ = {isa = PBXBuildFile; fileRef = 587AD783270A39CC002E39B2 /* ComplicationController.swift */; };
		587AD786270A39CD002E39B2 /* Assets.xcassets in Resources */ = {isa = PBXBuildFile; fileRef = 587AD785270A39CD002E39B2 /* Assets.xcassets */; };
		587AD789270A39CD002E39B2 /* Preview Assets.xcassets in Resources */ = {isa = PBXBuildFile; fileRef = 587AD788270A39CD002E39B2 /* Preview Assets.xcassets */; };
		587AD79C270A3B96002E39B2 /* HealthKit.framework in Frameworks */ = {isa = PBXBuildFile; fileRef = 587AD79B270A3B96002E39B2 /* HealthKit.framework */; };
		58B8F92C274425E600C9E4EE /* HealthManagerStore.swift in Sources */ = {isa = PBXBuildFile; fileRef = 58B8F92B274425E600C9E4EE /* HealthManagerStore.swift */; };
		58B8F9312744335D00C9E4EE /* Calorie.swift in Sources */ = {isa = PBXBuildFile; fileRef = 58B8F9302744335D00C9E4EE /* Calorie.swift */; };
/* End PBXBuildFile section */

/* Begin PBXContainerItemProxy section */
		587AD76D270A39C7002E39B2 /* PBXContainerItemProxy */ = {
			isa = PBXContainerItemProxy;
			containerPortal = 587AD761270A39C7002E39B2 /* Project object */;
			proxyType = 1;
			remoteGlobalIDString = 587AD76A270A39C7002E39B2;
			remoteInfo = "Total Cal WatchKit App";
		};
		587AD778270A39CC002E39B2 /* PBXContainerItemProxy */ = {
			isa = PBXContainerItemProxy;
			containerPortal = 587AD761270A39C7002E39B2 /* Project object */;
			proxyType = 1;
			remoteGlobalIDString = 587AD775270A39CC002E39B2;
			remoteInfo = "Total Cal WatchKit Extension";
		};
/* End PBXContainerItemProxy section */

/* Begin PBXCopyFilesBuildPhase section */
		587AD791270A39CD002E39B2 /* Embed App Extensions */ = {
			isa = PBXCopyFilesBuildPhase;
			buildActionMask = 2147483647;
			dstPath = "";
			dstSubfolderSpec = 13;
			files = (
				587AD777270A39CC002E39B2 /* Total Cal WatchKit Extension.appex in Embed App Extensions */,
			);
			name = "Embed App Extensions";
			runOnlyForDeploymentPostprocessing = 0;
		};
		587AD795270A39CD002E39B2 /* Embed Watch Content */ = {
			isa = PBXCopyFilesBuildPhase;
			buildActionMask = 2147483647;
			dstPath = "$(CONTENTS_FOLDER_PATH)/Watch";
			dstSubfolderSpec = 16;
			files = (
				587AD76C270A39C7002E39B2 /* Total Cal WatchKit App.app in Embed Watch Content */,
			);
			name = "Embed Watch Content";
			runOnlyForDeploymentPostprocessing = 0;
		};
/* End PBXCopyFilesBuildPhase section */

/* Begin PBXFileReference section */
		587AD767270A39C7002E39B2 /* Total Cal.app */ = {isa = PBXFileReference; explicitFileType = wrapper.application; includeInIndex = 0; path = "Total Cal.app"; sourceTree = BUILT_PRODUCTS_DIR; };
		587AD76B270A39C7002E39B2 /* Total Cal WatchKit App.app */ = {isa = PBXFileReference; explicitFileType = wrapper.application; includeInIndex = 0; path = "Total Cal WatchKit App.app"; sourceTree = BUILT_PRODUCTS_DIR; };
		587AD770270A39CB002E39B2 /* Assets.xcassets */ = {isa = PBXFileReference; lastKnownFileType = folder.assetcatalog; path = Assets.xcassets; sourceTree = "<group>"; };
		587AD776270A39CC002E39B2 /* Total Cal WatchKit Extension.appex */ = {isa = PBXFileReference; explicitFileType = "wrapper.app-extension"; includeInIndex = 0; path = "Total Cal WatchKit Extension.appex"; sourceTree = BUILT_PRODUCTS_DIR; };
		587AD77B270A39CC002E39B2 /* Total_CalApp.swift */ = {isa = PBXFileReference; lastKnownFileType = sourcecode.swift; path = Total_CalApp.swift; sourceTree = "<group>"; };
		587AD77D270A39CC002E39B2 /* ContentView.swift */ = {isa = PBXFileReference; lastKnownFileType = sourcecode.swift; path = ContentView.swift; sourceTree = "<group>"; };
		587AD77F270A39CC002E39B2 /* NotificationController.swift */ = {isa = PBXFileReference; lastKnownFileType = sourcecode.swift; path = NotificationController.swift; sourceTree = "<group>"; };
		587AD781270A39CC002E39B2 /* NotificationView.swift */ = {isa = PBXFileReference; lastKnownFileType = sourcecode.swift; path = NotificationView.swift; sourceTree = "<group>"; };
		587AD783270A39CC002E39B2 /* ComplicationController.swift */ = {isa = PBXFileReference; lastKnownFileType = sourcecode.swift; path = ComplicationController.swift; sourceTree = "<group>"; };
		587AD785270A39CD002E39B2 /* Assets.xcassets */ = {isa = PBXFileReference; lastKnownFileType = folder.assetcatalog; path = Assets.xcassets; sourceTree = "<group>"; };
		587AD788270A39CD002E39B2 /* Preview Assets.xcassets */ = {isa = PBXFileReference; lastKnownFileType = folder.assetcatalog; path = "Preview Assets.xcassets"; sourceTree = "<group>"; };
		587AD78A270A39CD002E39B2 /* Info.plist */ = {isa = PBXFileReference; lastKnownFileType = text.plist.xml; path = Info.plist; sourceTree = "<group>"; };
		587AD78B270A39CD002E39B2 /* PushNotificationPayload.apns */ = {isa = PBXFileReference; lastKnownFileType = text; path = PushNotificationPayload.apns; sourceTree = "<group>"; };
		587AD799270A3B95002E39B2 /* Total Cal WatchKit Extension.entitlements */ = {isa = PBXFileReference; lastKnownFileType = text.plist.entitlements; path = "Total Cal WatchKit Extension.entitlements"; sourceTree = "<group>"; };
		587AD79B270A3B96002E39B2 /* HealthKit.framework */ = {isa = PBXFileReference; lastKnownFileType = wrapper.framework; name = HealthKit.framework; path = Platforms/WatchOS.platform/Developer/SDKs/WatchOS8.0.sdk/System/Library/Frameworks/HealthKit.framework; sourceTree = DEVELOPER_DIR; };
		58B8F92B274425E600C9E4EE /* HealthManagerStore.swift */ = {isa = PBXFileReference; lastKnownFileType = sourcecode.swift; path = HealthManagerStore.swift; sourceTree = "<group>"; };
		58B8F9302744335D00C9E4EE /* Calorie.swift */ = {isa = PBXFileReference; lastKnownFileType = sourcecode.swift; path = Calorie.swift; sourceTree = "<group>"; };
/* End PBXFileReference section */

/* Begin PBXFrameworksBuildPhase section */
		587AD773270A39CC002E39B2 /* Frameworks */ = {
			isa = PBXFrameworksBuildPhase;
			buildActionMask = 2147483647;
			files = (
				587AD79C270A3B96002E39B2 /* HealthKit.framework in Frameworks */,
			);
			runOnlyForDeploymentPostprocessing = 0;
		};
/* End PBXFrameworksBuildPhase section */

/* Begin PBXGroup section */
		587AD760270A39C7002E39B2 = {
			isa = PBXGroup;
			children = (
				587AD76F270A39C7002E39B2 /* Total Cal WatchKit App */,
				587AD77A270A39CC002E39B2 /* Total Cal WatchKit Extension */,
				587AD768270A39C7002E39B2 /* Products */,
				587AD79A270A3B96002E39B2 /* Frameworks */,
			);
			sourceTree = "<group>";
		};
		587AD768270A39C7002E39B2 /* Products */ = {
			isa = PBXGroup;
			children = (
				587AD767270A39C7002E39B2 /* Total Cal.app */,
				587AD76B270A39C7002E39B2 /* Total Cal WatchKit App.app */,
				587AD776270A39CC002E39B2 /* Total Cal WatchKit Extension.appex */,
			);
			name = Products;
			sourceTree = "<group>";
		};
		587AD76F270A39C7002E39B2 /* Total Cal WatchKit App */ = {
			isa = PBXGroup;
			children = (
				587AD770270A39CB002E39B2 /* Assets.xcassets */,
			);
			path = "Total Cal WatchKit App";
			sourceTree = "<group>";
		};
		587AD77A270A39CC002E39B2 /* Total Cal WatchKit Extension */ = {
			isa = PBXGroup;
			children = (
				587AD799270A3B95002E39B2 /* Total Cal WatchKit Extension.entitlements */,
				587AD77B270A39CC002E39B2 /* Total_CalApp.swift */,
				587AD77D270A39CC002E39B2 /* ContentView.swift */,
				58B8F9302744335D00C9E4EE /* Calorie.swift */,
				58B8F92D27442F8900C9E4EE /* Managers */,
				587AD77F270A39CC002E39B2 /* NotificationController.swift */,
				587AD781270A39CC002E39B2 /* NotificationView.swift */,
				587AD783270A39CC002E39B2 /* ComplicationController.swift */,
				587AD785270A39CD002E39B2 /* Assets.xcassets */,
				587AD78A270A39CD002E39B2 /* Info.plist */,
				587AD78B270A39CD002E39B2 /* PushNotificationPayload.apns */,
				587AD787270A39CD002E39B2 /* Preview Content */,
			);
			path = "Total Cal WatchKit Extension";
			sourceTree = "<group>";
		};
		587AD787270A39CD002E39B2 /* Preview Content */ = {
			isa = PBXGroup;
			children = (
				587AD788270A39CD002E39B2 /* Preview Assets.xcassets */,
			);
			path = "Preview Content";
			sourceTree = "<group>";
		};
		587AD79A270A3B96002E39B2 /* Frameworks */ = {
			isa = PBXGroup;
			children = (
				587AD79B270A3B96002E39B2 /* HealthKit.framework */,
			);
			name = Frameworks;
			sourceTree = "<group>";
		};
		58B8F92D27442F8900C9E4EE /* Managers */ = {
			isa = PBXGroup;
			children = (
				58B8F92B274425E600C9E4EE /* HealthManagerStore.swift */,
			);
			path = Managers;
			sourceTree = "<group>";
		};
/* End PBXGroup section */

/* Begin PBXNativeTarget section */
		587AD766270A39C7002E39B2 /* Total Cal */ = {
			isa = PBXNativeTarget;
			buildConfigurationList = 587AD796270A39CD002E39B2 /* Build configuration list for PBXNativeTarget "Total Cal" */;
			buildPhases = (
				587AD765270A39C7002E39B2 /* Resources */,
				587AD795270A39CD002E39B2 /* Embed Watch Content */,
			);
			buildRules = (
			);
			dependencies = (
				587AD76E270A39C7002E39B2 /* PBXTargetDependency */,
			);
			name = "Total Cal";
			productName = "Total Cal";
			productReference = 587AD767270A39C7002E39B2 /* Total Cal.app */;
			productType = "com.apple.product-type.application.watchapp2-container";
		};
		587AD76A270A39C7002E39B2 /* Total Cal WatchKit App */ = {
			isa = PBXNativeTarget;
			buildConfigurationList = 587AD792270A39CD002E39B2 /* Build configuration list for PBXNativeTarget "Total Cal WatchKit App" */;
			buildPhases = (
				587AD769270A39C7002E39B2 /* Resources */,
				587AD791270A39CD002E39B2 /* Embed App Extensions */,
			);
			buildRules = (
			);
			dependencies = (
				587AD779270A39CC002E39B2 /* PBXTargetDependency */,
			);
			name = "Total Cal WatchKit App";
			productName = "Total Cal WatchKit App";
			productReference = 587AD76B270A39C7002E39B2 /* Total Cal WatchKit App.app */;
			productType = "com.apple.product-type.application.watchapp2";
		};
		587AD775270A39CC002E39B2 /* Total Cal WatchKit Extension */ = {
			isa = PBXNativeTarget;
			buildConfigurationList = 587AD78E270A39CD002E39B2 /* Build configuration list for PBXNativeTarget "Total Cal WatchKit Extension" */;
			buildPhases = (
				587AD772270A39CC002E39B2 /* Sources */,
				587AD773270A39CC002E39B2 /* Frameworks */,
				587AD774270A39CC002E39B2 /* Resources */,
			);
			buildRules = (
			);
			dependencies = (
			);
			name = "Total Cal WatchKit Extension";
			productName = "Total Cal WatchKit Extension";
			productReference = 587AD776270A39CC002E39B2 /* Total Cal WatchKit Extension.appex */;
			productType = "com.apple.product-type.watchkit2-extension";
		};
/* End PBXNativeTarget section */

/* Begin PBXProject section */
		587AD761270A39C7002E39B2 /* Project object */ = {
			isa = PBXProject;
			attributes = {
				BuildIndependentTargetsInParallel = 1;
				LastSwiftUpdateCheck = 1300;
				LastUpgradeCheck = 1300;
				TargetAttributes = {
					587AD766270A39C7002E39B2 = {
						CreatedOnToolsVersion = 13.0;
					};
					587AD76A270A39C7002E39B2 = {
						CreatedOnToolsVersion = 13.0;
					};
					587AD775270A39CC002E39B2 = {
						CreatedOnToolsVersion = 13.0;
					};
				};
			};
			buildConfigurationList = 587AD764270A39C7002E39B2 /* Build configuration list for PBXProject "Total Cal" */;
			compatibilityVersion = "Xcode 13.0";
			developmentRegion = en;
			hasScannedForEncodings = 0;
			knownRegions = (
				en,
				Base,
			);
			mainGroup = 587AD760270A39C7002E39B2;
			productRefGroup = 587AD768270A39C7002E39B2 /* Products */;
			projectDirPath = "";
			projectRoot = "";
			targets = (
				587AD766270A39C7002E39B2 /* Total Cal */,
				587AD76A270A39C7002E39B2 /* Total Cal WatchKit App */,
				587AD775270A39CC002E39B2 /* Total Cal WatchKit Extension */,
			);
		};
/* End PBXProject section */

/* Begin PBXResourcesBuildPhase section */
		587AD765270A39C7002E39B2 /* Resources */ = {
			isa = PBXResourcesBuildPhase;
			buildActionMask = 2147483647;
			files = (
			);
			runOnlyForDeploymentPostprocessing = 0;
		};
		587AD769270A39C7002E39B2 /* Resources */ = {
			isa = PBXResourcesBuildPhase;
			buildActionMask = 2147483647;
			files = (
				587AD771270A39CB002E39B2 /* Assets.xcassets in Resources */,
			);
			runOnlyForDeploymentPostprocessing = 0;
		};
		587AD774270A39CC002E39B2 /* Resources */ = {
			isa = PBXResourcesBuildPhase;
			buildActionMask = 2147483647;
			files = (
				587AD789270A39CD002E39B2 /* Preview Assets.xcassets in Resources */,
				587AD786270A39CD002E39B2 /* Assets.xcassets in Resources */,
			);
			runOnlyForDeploymentPostprocessing = 0;
		};
/* End PBXResourcesBuildPhase section */

/* Begin PBXSourcesBuildPhase section */
		587AD772270A39CC002E39B2 /* Sources */ = {
			isa = PBXSourcesBuildPhase;
			buildActionMask = 2147483647;
			files = (
				587AD780270A39CC002E39B2 /* NotificationController.swift in Sources */,
				58B8F92C274425E600C9E4EE /* HealthManagerStore.swift in Sources */,
				587AD77E270A39CC002E39B2 /* ContentView.swift in Sources */,
				587AD784270A39CC002E39B2 /* ComplicationController.swift in Sources */,
				587AD77C270A39CC002E39B2 /* Total_CalApp.swift in Sources */,
				587AD782270A39CC002E39B2 /* NotificationView.swift in Sources */,
				58B8F9312744335D00C9E4EE /* Calorie.swift in Sources */,
			);
			runOnlyForDeploymentPostprocessing = 0;
		};
/* End PBXSourcesBuildPhase section */

/* Begin PBXTargetDependency section */
		587AD76E270A39C7002E39B2 /* PBXTargetDependency */ = {
			isa = PBXTargetDependency;
			target = 587AD76A270A39C7002E39B2 /* Total Cal WatchKit App */;
			targetProxy = 587AD76D270A39C7002E39B2 /* PBXContainerItemProxy */;
		};
		587AD779270A39CC002E39B2 /* PBXTargetDependency */ = {
			isa = PBXTargetDependency;
			target = 587AD775270A39CC002E39B2 /* Total Cal WatchKit Extension */;
			targetProxy = 587AD778270A39CC002E39B2 /* PBXContainerItemProxy */;
		};
/* End PBXTargetDependency section */

/* Begin XCBuildConfiguration section */
		587AD78C270A39CD002E39B2 /* Debug */ = {
			isa = XCBuildConfiguration;
			buildSettings = {
				ALWAYS_SEARCH_USER_PATHS = NO;
				CLANG_ANALYZER_NONNULL = YES;
				CLANG_ANALYZER_NUMBER_OBJECT_CONVERSION = YES_AGGRESSIVE;
				CLANG_CXX_LANGUAGE_STANDARD = "gnu++17";
				CLANG_CXX_LIBRARY = "libc++";
				CLANG_ENABLE_MODULES = YES;
				CLANG_ENABLE_OBJC_ARC = YES;
				CLANG_ENABLE_OBJC_WEAK = YES;
				CLANG_WARN_BLOCK_CAPTURE_AUTORELEASING = YES;
				CLANG_WARN_BOOL_CONVERSION = YES;
				CLANG_WARN_COMMA = YES;
				CLANG_WARN_CONSTANT_CONVERSION = YES;
				CLANG_WARN_DEPRECATED_OBJC_IMPLEMENTATIONS = YES;
				CLANG_WARN_DIRECT_OBJC_ISA_USAGE = YES_ERROR;
				CLANG_WARN_DOCUMENTATION_COMMENTS = YES;
				CLANG_WARN_EMPTY_BODY = YES;
				CLANG_WARN_ENUM_CONVERSION = YES;
				CLANG_WARN_INFINITE_RECURSION = YES;
				CLANG_WARN_INT_CONVERSION = YES;
				CLANG_WARN_NON_LITERAL_NULL_CONVERSION = YES;
				CLANG_WARN_OBJC_IMPLICIT_RETAIN_SELF = YES;
				CLANG_WARN_OBJC_LITERAL_CONVERSION = YES;
				CLANG_WARN_OBJC_ROOT_CLASS = YES_ERROR;
				CLANG_WARN_QUOTED_INCLUDE_IN_FRAMEWORK_HEADER = YES;
				CLANG_WARN_RANGE_LOOP_ANALYSIS = YES;
				CLANG_WARN_STRICT_PROTOTYPES = YES;
				CLANG_WARN_SUSPICIOUS_MOVE = YES;
				CLANG_WARN_UNGUARDED_AVAILABILITY = YES_AGGRESSIVE;
				CLANG_WARN_UNREACHABLE_CODE = YES;
				CLANG_WARN__DUPLICATE_METHOD_MATCH = YES;
				COPY_PHASE_STRIP = NO;
				DEBUG_INFORMATION_FORMAT = dwarf;
				ENABLE_STRICT_OBJC_MSGSEND = YES;
				ENABLE_TESTABILITY = YES;
				GCC_C_LANGUAGE_STANDARD = gnu11;
				GCC_DYNAMIC_NO_PIC = NO;
				GCC_NO_COMMON_BLOCKS = YES;
				GCC_OPTIMIZATION_LEVEL = 0;
				GCC_PREPROCESSOR_DEFINITIONS = (
					"DEBUG=1",
					"$(inherited)",
				);
				GCC_WARN_64_TO_32_BIT_CONVERSION = YES;
				GCC_WARN_ABOUT_RETURN_TYPE = YES_ERROR;
				GCC_WARN_UNDECLARED_SELECTOR = YES;
				GCC_WARN_UNINITIALIZED_AUTOS = YES_AGGRESSIVE;
				GCC_WARN_UNUSED_FUNCTION = YES;
				GCC_WARN_UNUSED_VARIABLE = YES;
				MTL_ENABLE_DEBUG_INFO = INCLUDE_SOURCE;
				MTL_FAST_MATH = YES;
				ONLY_ACTIVE_ARCH = YES;
				SDKROOT = iphoneos;
				SWIFT_ACTIVE_COMPILATION_CONDITIONS = DEBUG;
				SWIFT_OPTIMIZATION_LEVEL = "-Onone";
			};
			name = Debug;
		};
		587AD78D270A39CD002E39B2 /* Release */ = {
			isa = XCBuildConfiguration;
			buildSettings = {
				ALWAYS_SEARCH_USER_PATHS = NO;
				CLANG_ANALYZER_NONNULL = YES;
				CLANG_ANALYZER_NUMBER_OBJECT_CONVERSION = YES_AGGRESSIVE;
				CLANG_CXX_LANGUAGE_STANDARD = "gnu++17";
				CLANG_CXX_LIBRARY = "libc++";
				CLANG_ENABLE_MODULES = YES;
				CLANG_ENABLE_OBJC_ARC = YES;
				CLANG_ENABLE_OBJC_WEAK = YES;
				CLANG_WARN_BLOCK_CAPTURE_AUTORELEASING = YES;
				CLANG_WARN_BOOL_CONVERSION = YES;
				CLANG_WARN_COMMA = YES;
				CLANG_WARN_CONSTANT_CONVERSION = YES;
				CLANG_WARN_DEPRECATED_OBJC_IMPLEMENTATIONS = YES;
				CLANG_WARN_DIRECT_OBJC_ISA_USAGE = YES_ERROR;
				CLANG_WARN_DOCUMENTATION_COMMENTS = YES;
				CLANG_WARN_EMPTY_BODY = YES;
				CLANG_WARN_ENUM_CONVERSION = YES;
				CLANG_WARN_INFINITE_RECURSION = YES;
				CLANG_WARN_INT_CONVERSION = YES;
				CLANG_WARN_NON_LITERAL_NULL_CONVERSION = YES;
				CLANG_WARN_OBJC_IMPLICIT_RETAIN_SELF = YES;
				CLANG_WARN_OBJC_LITERAL_CONVERSION = YES;
				CLANG_WARN_OBJC_ROOT_CLASS = YES_ERROR;
				CLANG_WARN_QUOTED_INCLUDE_IN_FRAMEWORK_HEADER = YES;
				CLANG_WARN_RANGE_LOOP_ANALYSIS = YES;
				CLANG_WARN_STRICT_PROTOTYPES = YES;
				CLANG_WARN_SUSPICIOUS_MOVE = YES;
				CLANG_WARN_UNGUARDED_AVAILABILITY = YES_AGGRESSIVE;
				CLANG_WARN_UNREACHABLE_CODE = YES;
				CLANG_WARN__DUPLICATE_METHOD_MATCH = YES;
				COPY_PHASE_STRIP = NO;
				DEBUG_INFORMATION_FORMAT = "dwarf-with-dsym";
				ENABLE_NS_ASSERTIONS = NO;
				ENABLE_STRICT_OBJC_MSGSEND = YES;
				GCC_C_LANGUAGE_STANDARD = gnu11;
				GCC_NO_COMMON_BLOCKS = YES;
				GCC_WARN_64_TO_32_BIT_CONVERSION = YES;
				GCC_WARN_ABOUT_RETURN_TYPE = YES_ERROR;
				GCC_WARN_UNDECLARED_SELECTOR = YES;
				GCC_WARN_UNINITIALIZED_AUTOS = YES_AGGRESSIVE;
				GCC_WARN_UNUSED_FUNCTION = YES;
				GCC_WARN_UNUSED_VARIABLE = YES;
				MTL_ENABLE_DEBUG_INFO = NO;
				MTL_FAST_MATH = YES;
				SDKROOT = iphoneos;
				SWIFT_COMPILATION_MODE = wholemodule;
				SWIFT_OPTIMIZATION_LEVEL = "-O";
				VALIDATE_PRODUCT = YES;
			};
			name = Release;
		};
		587AD78F270A39CD002E39B2 /* Debug */ = {
			isa = XCBuildConfiguration;
			buildSettings = {
				ASSETCATALOG_COMPILER_COMPLICATION_NAME = Complication;
				CODE_SIGN_ENTITLEMENTS = "Total Cal WatchKit Extension/Total Cal WatchKit Extension.entitlements";
				CODE_SIGN_STYLE = Automatic;
				CURRENT_PROJECT_VERSION = 1;
				DEVELOPMENT_ASSET_PATHS = "\"Total Cal WatchKit Extension/Preview Content\"";
				DEVELOPMENT_TEAM = 5SVL2L4EZ6;
				ENABLE_PREVIEWS = YES;
				GENERATE_INFOPLIST_FILE = YES;
				INFOPLIST_FILE = "Total Cal WatchKit Extension/Info.plist";
				INFOPLIST_KEY_CFBundleDisplayName = "Total Cal WatchKit Extension";
				INFOPLIST_KEY_CLKComplicationPrincipalClass = "$(PRODUCT_MODULE_NAME).ComplicationController";
				INFOPLIST_KEY_NSHumanReadableCopyright = "";
				INFOPLIST_KEY_WKWatchOnly = YES;
				LD_RUNPATH_SEARCH_PATHS = (
					"$(inherited)",
					"@executable_path/Frameworks",
					"@executable_path/../../Frameworks",
				);
				MARKETING_VERSION = 1.0;
				PRODUCT_BUNDLE_IDENTIFIER = "com.michdavidadams.Total-Cal.watchkitapp.watchkitextension";
				PRODUCT_NAME = "${TARGET_NAME}";
				SDKROOT = watchos;
				SKIP_INSTALL = YES;
				SWIFT_EMIT_LOC_STRINGS = YES;
				SWIFT_VERSION = 5.0;
				TARGETED_DEVICE_FAMILY = 4;
				WATCHOS_DEPLOYMENT_TARGET = 8.0;
			};
			name = Debug;
		};
		587AD790270A39CD002E39B2 /* Release */ = {
			isa = XCBuildConfiguration;
			buildSettings = {
				ASSETCATALOG_COMPILER_COMPLICATION_NAME = Complication;
				CODE_SIGN_ENTITLEMENTS = "Total Cal WatchKit Extension/Total Cal WatchKit Extension.entitlements";
				CODE_SIGN_STYLE = Automatic;
				CURRENT_PROJECT_VERSION = 1;
				DEVELOPMENT_ASSET_PATHS = "\"Total Cal WatchKit Extension/Preview Content\"";
				DEVELOPMENT_TEAM = 5SVL2L4EZ6;
				ENABLE_PREVIEWS = YES;
				GENERATE_INFOPLIST_FILE = YES;
				INFOPLIST_FILE = "Total Cal WatchKit Extension/Info.plist";
				INFOPLIST_KEY_CFBundleDisplayName = "Total Cal WatchKit Extension";
				INFOPLIST_KEY_CLKComplicationPrincipalClass = "$(PRODUCT_MODULE_NAME).ComplicationController";
				INFOPLIST_KEY_NSHumanReadableCopyright = "";
				INFOPLIST_KEY_WKWatchOnly = YES;
				LD_RUNPATH_SEARCH_PATHS = (
					"$(inherited)",
					"@executable_path/Frameworks",
					"@executable_path/../../Frameworks",
				);
				MARKETING_VERSION = 1.0;
				PRODUCT_BUNDLE_IDENTIFIER = "com.michdavidadams.Total-Cal.watchkitapp.watchkitextension";
				PRODUCT_NAME = "${TARGET_NAME}";
				SDKROOT = watchos;
				SKIP_INSTALL = YES;
				SWIFT_EMIT_LOC_STRINGS = YES;
				SWIFT_VERSION = 5.0;
				TARGETED_DEVICE_FAMILY = 4;
				WATCHOS_DEPLOYMENT_TARGET = 8.0;
			};
			name = Release;
		};
		587AD793270A39CD002E39B2 /* Debug */ = {
			isa = XCBuildConfiguration;
			buildSettings = {
				ALWAYS_EMBED_SWIFT_STANDARD_LIBRARIES = YES;
				ASSETCATALOG_COMPILER_APPICON_NAME = AppIcon;
				ASSETCATALOG_COMPILER_GLOBAL_ACCENT_COLOR_NAME = AccentColor;
				CODE_SIGN_STYLE = Automatic;
				CURRENT_PROJECT_VERSION = 1;
				DEVELOPMENT_TEAM = 5SVL2L4EZ6;
				GENERATE_INFOPLIST_FILE = YES;
				IBSC_MODULE = Total_Cal_WatchKit_Extension;
				INFOPLIST_KEY_CFBundleDisplayName = "Total Cal WatchKit App";
				INFOPLIST_KEY_UISupportedInterfaceOrientations = "UIInterfaceOrientationPortrait UIInterfaceOrientationPortraitUpsideDown";
				MARKETING_VERSION = 1.0;
				PRODUCT_BUNDLE_IDENTIFIER = "com.michdavidadams.Total-Cal.watchkitapp";
				PRODUCT_NAME = "$(TARGET_NAME)";
				SDKROOT = watchos;
				SKIP_INSTALL = YES;
				SWIFT_EMIT_LOC_STRINGS = YES;
				SWIFT_VERSION = 5.0;
				TARGETED_DEVICE_FAMILY = 4;
				WATCHOS_DEPLOYMENT_TARGET = 8.0;
			};
			name = Debug;
		};
		587AD794270A39CD002E39B2 /* Release */ = {
			isa = XCBuildConfiguration;
			buildSettings = {
				ALWAYS_EMBED_SWIFT_STANDARD_LIBRARIES = YES;
				ASSETCATALOG_COMPILER_APPICON_NAME = AppIcon;
				ASSETCATALOG_COMPILER_GLOBAL_ACCENT_COLOR_NAME = AccentColor;
				CODE_SIGN_STYLE = Automatic;
				CURRENT_PROJECT_VERSION = 1;
				DEVELOPMENT_TEAM = 5SVL2L4EZ6;
				GENERATE_INFOPLIST_FILE = YES;
				IBSC_MODULE = Total_Cal_WatchKit_Extension;
				INFOPLIST_KEY_CFBundleDisplayName = "Total Cal WatchKit App";
				INFOPLIST_KEY_UISupportedInterfaceOrientations = "UIInterfaceOrientationPortrait UIInterfaceOrientationPortraitUpsideDown";
				MARKETING_VERSION = 1.0;
				PRODUCT_BUNDLE_IDENTIFIER = "com.michdavidadams.Total-Cal.watchkitapp";
				PRODUCT_NAME = "$(TARGET_NAME)";
				SDKROOT = watchos;
				SKIP_INSTALL = YES;
				SWIFT_EMIT_LOC_STRINGS = YES;
				SWIFT_VERSION = 5.0;
				TARGETED_DEVICE_FAMILY = 4;
				WATCHOS_DEPLOYMENT_TARGET = 8.0;
			};
			name = Release;
		};
		587AD797270A39CD002E39B2 /* Debug */ = {
			isa = XCBuildConfiguration;
			buildSettings = {
				CODE_SIGN_STYLE = Automatic;
				CURRENT_PROJECT_VERSION = 1;
				DEVELOPMENT_TEAM = 5SVL2L4EZ6;
				MARKETING_VERSION = 1.0;
				PRODUCT_BUNDLE_IDENTIFIER = "com.michdavidadams.Total-Cal";
				PRODUCT_NAME = "$(TARGET_NAME)";
				SWIFT_VERSION = 5.0;
			};
			name = Debug;
		};
		587AD798270A39CD002E39B2 /* Release */ = {
			isa = XCBuildConfiguration;
			buildSettings = {
				CODE_SIGN_STYLE = Automatic;
				CURRENT_PROJECT_VERSION = 1;
				DEVELOPMENT_TEAM = 5SVL2L4EZ6;
				MARKETING_VERSION = 1.0;
				PRODUCT_BUNDLE_IDENTIFIER = "com.michdavidadams.Total-Cal";
				PRODUCT_NAME = "$(TARGET_NAME)";
				SWIFT_VERSION = 5.0;
			};
			name = Release;
		};
/* End XCBuildConfiguration section */

/* Begin XCConfigurationList section */
		587AD764270A39C7002E39B2 /* Build configuration list for PBXProject "Total Cal" */ = {
			isa = XCConfigurationList;
			buildConfigurations = (
				587AD78C270A39CD002E39B2 /* Debug */,
				587AD78D270A39CD002E39B2 /* Release */,
			);
			defaultConfigurationIsVisible = 0;
			defaultConfigurationName = Release;
		};
		587AD78E270A39CD002E39B2 /* Build configuration list for PBXNativeTarget "Total Cal WatchKit Extension" */ = {
			isa = XCConfigurationList;
			buildConfigurations = (
				587AD78F270A39CD002E39B2 /* Debug */,
				587AD790270A39CD002E39B2 /* Release */,
			);
			defaultConfigurationIsVisible = 0;
			defaultConfigurationName = Release;
		};
		587AD792270A39CD002E39B2 /* Build configuration list for PBXNativeTarget "Total Cal WatchKit App" */ = {
			isa = XCConfigurationList;
			buildConfigurations = (
				587AD793270A39CD002E39B2 /* Debug */,
				587AD794270A39CD002E39B2 /* Release */,
			);
			defaultConfigurationIsVisible = 0;
			defaultConfigurationName = Release;
		};
		587AD796270A39CD002E39B2 /* Build configuration list for PBXNativeTarget "Total Cal" */ = {
			isa = XCConfigurationList;
			buildConfigurations = (
				587AD797270A39CD002E39B2 /* Debug */,
				587AD798270A39CD002E39B2 /* Release */,
			);
			defaultConfigurationIsVisible = 0;
			defaultConfigurationName = Release;
		};
/* End XCConfigurationList section */
	};
	rootObject = 587AD761270A39C7002E39B2 /* Project object */;
}
